
Microsoft Visual Studio Solution File, Format Version 12.00
# Visual Studio Version 17
VisualStudioVersion = 17.2.32519.379
MinimumVisualStudioVersion = 10.0.40219.1
Project("{9A19103F-16F7-4668-BE54-9A1E7A4F7556}") = "Person.WebApi", "Person.WebApi\Person.WebApi.csproj", "{4B382576-BCFA-4CE6-AD6B-E0066295A0EC}"
EndProject
Project("{9A19103F-16F7-4668-BE54-9A1E7A4F7556}") = "Person.DB", "Person.DB\Person.DB.csproj", "{B513BD01-CA54-4781-AC8C-3C32D4EB0FE2}"
EndProject
Project("{FAE04EC0-301F-11D3-BF4B-00C04F79EFBC}") = "Person.ConsoleApp", "Person.ConsoleApp\Person.ConsoleApp.csproj", "{60DF2428-49AF-41CA-B37D-0BDB2023B1CC}"
EndProject
Project("{FAE04EC0-301F-11D3-BF4B-00C04F79EFBC}") = "Person.WinForm", "Person.WinForm\Person.WinForm.csproj", "{0F3F59B5-48EE-4F46-8283-1CC4BF718C0B}"
EndProject
Project("{FAE04EC0-301F-11D3-BF4B-00C04F79EFBC}") = "Person.WebAppMVC", "Person.WebAppMVC\Person.WebAppMVC.csproj", "{D888CEA4-223B-4CF6-B6B4-F50D10896787}"
EndProject
Global
	GlobalSection(SolutionConfigurationPlatforms) = preSolution
		Debug|Any CPU = Debug|Any CPU
		Release|Any CPU = Release|Any CPU
	EndGlobalSection
	GlobalSection(ProjectConfigurationPlatforms) = postSolution
		{4B382576-BCFA-4CE6-AD6B-E0066295A0EC}.Debug|Any CPU.ActiveCfg = Debug|Any CPU
		{4B382576-BCFA-4CE6-AD6B-E0066295A0EC}.Debug|Any CPU.Build.0 = Debug|Any CPU
		{4B382576-BCFA-4CE6-AD6B-E0066295A0EC}.Release|Any CPU.ActiveCfg = Release|Any CPU
		{4B382576-BCFA-4CE6-AD6B-E0066295A0EC}.Release|Any CPU.Build.0 = Release|Any CPU
		{B513BD01-CA54-4781-AC8C-3C32D4EB0FE2}.Debug|Any CPU.ActiveCfg = Debug|Any CPU
		{B513BD01-CA54-4781-AC8C-3C32D4EB0FE2}.Debug|Any CPU.Build.0 = Debug|Any CPU
		{B513BD01-CA54-4781-AC8C-3C32D4EB0FE2}.Release|Any CPU.ActiveCfg = Release|Any CPU
		{B513BD01-CA54-4781-AC8C-3C32D4EB0FE2}.Release|Any CPU.Build.0 = Release|Any CPU
		{60DF2428-49AF-41CA-B37D-0BDB2023B1CC}.Debug|Any CPU.ActiveCfg = Debug|Any CPU
		{60DF2428-49AF-41CA-B37D-0BDB2023B1CC}.Debug|Any CPU.Build.0 = Debug|Any CPU
		{60DF2428-49AF-41CA-B37D-0BDB2023B1CC}.Release|Any CPU.ActiveCfg = Release|Any CPU
		{60DF2428-49AF-41CA-B37D-0BDB2023B1CC}.Release|Any CPU.Build.0 = Release|Any CPU
		{0F3F59B5-48EE-4F46-8283-1CC4BF718C0B}.Debug|Any CPU.ActiveCfg = Debug|Any CPU
		{0F3F59B5-48EE-4F46-8283-1CC4BF718C0B}.Debug|Any CPU.Build.0 = Debug|Any CPU
		{0F3F59B5-48EE-4F46-8283-1CC4BF718C0B}.Release|Any CPU.ActiveCfg = Release|Any CPU
		{0F3F59B5-48EE-4F46-8283-1CC4BF718C0B}.Release|Any CPU.Build.0 = Release|Any CPU
		{D888CEA4-223B-4CF6-B6B4-F50D10896787}.Debug|Any CPU.ActiveCfg = Debug|Any CPU
		{D888CEA4-223B-4CF6-B6B4-F50D10896787}.Debug|Any CPU.Build.0 = Debug|Any CPU
		{D888CEA4-223B-4CF6-B6B4-F50D10896787}.Release|Any CPU.ActiveCfg = Release|Any CPU
		{D888CEA4-223B-4CF6-B6B4-F50D10896787}.Release|Any CPU.Build.0 = Release|Any CPU
	EndGlobalSection
	GlobalSection(SolutionProperties) = preSolution
		HideSolutionNode = FALSE
	EndGlobalSection
	GlobalSection(ExtensibilityGlobals) = postSolution
		SolutionGuid = {30AC8EB3-F3BC-4629-8D1D-FA98BBA1746D}
	EndGlobalSection
EndGlobal
